# This file is automatically @generated by Cargo.
# It is not intended for manual editing.
version = 4

[[package]]
name = "filter_tblout"
version = "0.1.1"
dependencies = [
 "hmm_tblout",
]

[[package]]
name = "hmm_tblout"
version = "0.4.22"
source = "registry+https://github.com/rust-lang/crates.io-index"
checksum = "b1ff493f372cdb7813464bf1fa1fe5d37f1db144816a777ce8b90d8b0b2222d1"
