# This file is automatically @generated by Cargo.
# It is not intended for manual editing.
version = 4

[[package]]
name = "filter_tblout"
version = "0.1.0"
dependencies = [
 "hmm_tblout",
]

[[package]]
name = "hmm_tblout"
version = "0.4.21"
source = "registry+https://github.com/rust-lang/crates.io-index"
checksum = "da2febb80d811bec6d840559b71325d370baf17daff36c345e4a8d38a5534dd9"
